<?xml version="1.0" encoding="utf-8"?>
<Project ToolsVersion="4.0" xmlns="http://schemas.microsoft.com/developer/msbuild/2003">
  <ItemGroup>
    <Filter Include="资源文件">
      <UniqueIdentifier>{67DA6AB6-F800-4c08-8B7A-83BB121AAD01}</UniqueIdentifier>
      <Extensions>rc;ico;cur;bmp;dlg;rc2;rct;bin;rgs;gif;jpg;jpeg;jpe;resx;tiff;tif;png;wav;mfcribbon-ms</Extensions>
    </Filter>
    <Filter Include="basic">
      <UniqueIdentifier>{b8dae8b4-f284-4b60-bc53-26abbb3ef160}</UniqueIdentifier>
    </Filter>
    <Filter Include="basic\头文件">
      <UniqueIdentifier>{93995380-89BD-4b04-88EB-625FBE52EBFB}</UniqueIdentifier>
      <Extensions>h;hh;hpp;hxx;h++;hm;inl;inc;ipp;xsd</Extensions>
    </Filter>
    <Filter Include="basic\源文件">
      <UniqueIdentifier>{4FC737F1-C7A5-4376-A066-2A32D752A2FF}</UniqueIdentifier>
      <Extensions>cpp;c;cc;cxx;c++;cppm;ixx;def;odl;idl;hpj;bat;asm;asmx</Extensions>
    </Filter>
    <Filter Include="forward_rendering">
      <UniqueIdentifier>{e1c19727-954d-4419-bfca-32ec3b1866bc}</UniqueIdentifier>
    </Filter>
  </ItemGroup>
  <ItemGroup>
    <ClCompile Include="main.cpp" />
    <ClCompile Include="AdvancedRendering\Application.cpp">
      <Filter>basic\源文件</Filter>
    </ClCompile>
    <ClCompile Include="AdvancedRendering\Buffer.cpp">
      <Filter>basic\源文件</Filter>
    </ClCompile>
    <ClCompile Include="AdvancedRendering\Camera.cpp">
      <Filter>basic\源文件</Filter>
    </ClCompile>
    <ClCompile Include="AdvancedRendering\DeferredRendering.cpp">
      <Filter>basic\源文件</Filter>
    </ClCompile>
    <ClCompile Include="AdvancedRendering\FrameBuffer.cpp">
      <Filter>basic\源文件</Filter>
    </ClCompile>
    <ClCompile Include="AdvancedRendering\GBuffer.cpp">
      <Filter>basic\源文件</Filter>
    </ClCompile>
    <ClCompile Include="AdvancedRendering\Image.cpp">
      <Filter>basic\源文件</Filter>
    </ClCompile>
    <ClCompile Include="AdvancedRendering\Model.cpp">
      <Filter>basic\源文件</Filter>
    </ClCompile>
    <ClCompile Include="AdvancedRendering\Orientation.cpp">
      <Filter>basic\源文件</Filter>
    </ClCompile>
    <ClCompile Include="AdvancedRendering\RenderingBase.cpp">
      <Filter>basic\源文件</Filter>
    </ClCompile>
    <ClCompile Include="AdvancedRendering\SpotLight.cpp">
      <Filter>basic\源文件</Filter>
    </ClCompile>
    <ClCompile Include="AdvancedRendering\SwapChain.cpp">
      <Filter>basic\源文件</Filter>
    </ClCompile>
    <ClCompile Include="BasicStudy\DepthBuffer.cpp">
      <Filter>basic\源文件</Filter>
    </ClCompile>
    <ClCompile Include="BasicStudy\Descriptor.cpp">
      <Filter>basic\源文件</Filter>
    </ClCompile>
    <ClCompile Include="BasicStudy\HelloTriangleApplication.cpp">
      <Filter>basic\源文件</Filter>
    </ClCompile>
    <ClCompile Include="BasicStudy\IndexBuffer.cpp">
      <Filter>basic\源文件</Filter>
    </ClCompile>
    <ClCompile Include="BasicStudy\LoadModel.cpp">
      <Filter>basic\源文件</Filter>
    </ClCompile>
    <ClCompile Include="BasicStudy\Mipmap.cpp">
      <Filter>basic\源文件</Filter>
    </ClCompile>
    <ClCompile Include="BasicStudy\MSAA.cpp">
      <Filter>basic\源文件</Filter>
    </ClCompile>
    <ClCompile Include="BasicStudy\StagingBuffer.cpp">
      <Filter>basic\源文件</Filter>
    </ClCompile>
    <ClCompile Include="BasicStudy\SwapChainRecreation.cpp">
      <Filter>basic\源文件</Filter>
    </ClCompile>
    <ClCompile Include="AdvancedRendering\ForwardRendering.cpp">
      <Filter>basic\源文件</Filter>
    </ClCompile>
    <ClCompile Include="AdvancedRendering\Utils.cpp">
      <Filter>basic\源文件</Filter>
    </ClCompile>
    <ClCompile Include="AdvancedRendering\VulkanSetup.cpp">
      <Filter>basic\源文件</Filter>
    </ClCompile>
    <ClCompile Include="BasicStudy\VertexBuffer.cpp">
      <Filter>basic\源文件</Filter>
    </ClCompile>
    <ClCompile Include="BasicStudy\Vulkan_Image.cpp">
      <Filter>basic\源文件</Filter>
    </ClCompile>
  </ItemGroup>
  <ItemGroup>
    <ClInclude Include="AdvancedRendering\Application.h">
      <Filter>basic\头文件</Filter>
    </ClInclude>
    <ClInclude Include="AdvancedRendering\Assert.h">
      <Filter>basic\头文件</Filter>
    </ClInclude>
    <ClInclude Include="AdvancedRendering\Buffer.h">
      <Filter>basic\头文件</Filter>
    </ClInclude>
    <ClInclude Include="AdvancedRendering\Camera.h">
      <Filter>basic\头文件</Filter>
    </ClInclude>
    <ClInclude Include="AdvancedRendering\DeferredRendering.h">
      <Filter>basic\头文件</Filter>
    </ClInclude>
    <ClInclude Include="AdvancedRendering\FrameBuffer.h">
      <Filter>basic\头文件</Filter>
    </ClInclude>
    <ClInclude Include="AdvancedRendering\GBuffer.h">
      <Filter>basic\头文件</Filter>
    </ClInclude>
    <ClInclude Include="AdvancedRendering\Image.h">
      <Filter>basic\头文件</Filter>
    </ClInclude>
    <ClInclude Include="AdvancedRendering\Model.h">
      <Filter>basic\头文件</Filter>
    </ClInclude>
    <ClInclude Include="AdvancedRendering\Orientation.h">
      <Filter>basic\头文件</Filter>
    </ClInclude>
    <ClInclude Include="AdvancedRendering\Print.h">
      <Filter>basic\头文件</Filter>
    </ClInclude>
    <ClInclude Include="AdvancedRendering\RenderingBase.h">
      <Filter>basic\头文件</Filter>
    </ClInclude>
    <ClInclude Include="AdvancedRendering\SpotLight.h">
      <Filter>basic\头文件</Filter>
    </ClInclude>
    <ClInclude Include="AdvancedRendering\SwapChain.h">
      <Filter>basic\头文件</Filter>
    </ClInclude>
    <ClInclude Include="AdvancedRendering\types.h">
      <Filter>basic\头文件</Filter>
    </ClInclude>
    <ClInclude Include="BasicStudy\DepthBuffer.h">
      <Filter>basic\头文件</Filter>
    </ClInclude>
    <ClInclude Include="BasicStudy\Descriptor.h">
      <Filter>basic\头文件</Filter>
    </ClInclude>
    <ClInclude Include="BasicStudy\HelloTriangleApplication.h">
      <Filter>basic\头文件</Filter>
    </ClInclude>
    <ClInclude Include="BasicStudy\IndexBuffer.h">
      <Filter>basic\头文件</Filter>
    </ClInclude>
    <ClInclude Include="BasicStudy\LoadModel.h">
      <Filter>basic\头文件</Filter>
    </ClInclude>
    <ClInclude Include="BasicStudy\Mipmap.h">
      <Filter>basic\头文件</Filter>
    </ClInclude>
    <ClInclude Include="BasicStudy\MSAA.h">
      <Filter>basic\头文件</Filter>
    </ClInclude>
    <ClInclude Include="BasicStudy\StagingBuffer.h">
      <Filter>basic\头文件</Filter>
    </ClInclude>
    <ClInclude Include="BasicStudy\SwapChainRecreation.h">
      <Filter>basic\头文件</Filter>
    </ClInclude>
    <ClInclude Include="BasicStudy\VertexBuffer.h">
      <Filter>basic\头文件</Filter>
    </ClInclude>
    <ClInclude Include="BasicStudy\Vulkan_Image.h">
      <Filter>basic\头文件</Filter>
    </ClInclude>
    <ClInclude Include="AdvancedRendering\AppConstants.h">
      <Filter>basic\头文件</Filter>
    </ClInclude>
    <ClInclude Include="AdvancedRendering\ForwardRendering.h">
      <Filter>basic\头文件</Filter>
    </ClInclude>
    <ClInclude Include="AdvancedRendering\Utils.h">
      <Filter>basic\头文件</Filter>
    </ClInclude>
    <ClInclude Include="AdvancedRendering\VulkanSetup.h">
      <Filter>basic\头文件</Filter>
    </ClInclude>
  </ItemGroup>
</Project>